{
  "name": "通行证查询app",
  "lockfileVersion": 3,
  "requires": true,
  "packages": {
    "": {
      "dependencies": {
        "minapp-sdk": "^3.23.6",
        "x-wxml-to-canvas": "^1.0.4"
      }
    },
    "node_modules/minapp-sdk": {
      "version": "3.23.6",
      "resolved": "https://registry.npmjs.org/minapp-sdk/-/minapp-sdk-3.23.6.tgz",
      "integrity": "sha512-IxWq0aFMcAmLzaz0FAdwfI6fmx50G0eo1JHAN41ANVcM9d8Z7VG2XPY3lFZHSe4bVBeOke36Ja+lbZWhKnSrwg==",
      "license": "Apache-2.0"
    },
    "node_modules/x-wxml-to-canvas": {
      "version": "1.0.4",
      "resolved": "https://registry.npmjs.org/x-wxml-to-canvas/-/x-wxml-to-canvas-1.0.4.tgz",
      "integrity": "sha512-AglAeZCMFVwQDxz3HDFPAALYmGNIFOviCU0kM10vhZRR2RQQgp84VQz8Sj6noYRsn3yC1no8FoKh/2b2v76HKg==",
      "license": "ISC"
    }
  }
}
